{
  "version": 4,
  "terraform_version": "0.13.0",
  "serial": 369,
  "lineage": "e495bb5c-5470-56e5-02fb-8728b6c2f340",
  "outputs": {},
  "resources": [
    {
      "mode": "managed",
      "type": "aws_default_vpc",
      "name": "default",
      "provider": "provider[\"registry.terraform.io/hashicorp/aws\"]",
      "instances": [
        {
          "schema_version": 1,
          "attributes": {
            "arn": "arn:aws:ec2:af-south-1:762436457906:vpc/vpc-013bde68",
            "assign_generated_ipv6_cidr_block": false,
            "cidr_block": "172.31.0.0/16",
            "default_network_acl_id": "acl-dd3bdeb4",
            "default_route_table_id": "rtb-8a3bdee3",
            "default_security_group_id": "sg-dc9344b5",
            "dhcp_options_id": "dopt-fe05e097",
            "enable_classiclink": null,
            "enable_classiclink_dns_support": null,
            "enable_dns_hostnames": true,
            "enable_dns_support": true,
            "id": "vpc-013bde68",
            "instance_tenancy": "default",
            "ipv6_association_id": "",
            "ipv6_cidr_block": "",
            "main_route_table_id": "rtb-8a3bdee3",
            "owner_id": "762436457906",
            "tags": {
              "Name": "Default VPC"
            }
          },
          "private": "eyJzY2hlbWFfdmVyc2lvbiI6IjEifQ=="
        }
      ]
    }
  ]
}
